<?xml version="1.0" encoding="utf-8"?>
<Project ToolsVersion="4.0" xmlns="http://schemas.microsoft.com/developer/msbuild/2003">
  <ItemGroup>
    <Filter Include="Kaynak Dosyalar">
      <UniqueIdentifier>{4FC737F1-C7A5-4376-A066-2A32D752A2FF}</UniqueIdentifier>
      <Extensions>cpp;c;cc;cxx;c++;cppm;ixx;def;odl;idl;hpj;bat;asm;asmx</Extensions>
    </Filter>
    <Filter Include="Üst Bilgi Dosyaları">
      <UniqueIdentifier>{93995380-89BD-4b04-88EB-625FBE52EBFB}</UniqueIdentifier>
      <Extensions>h;hh;hpp;hxx;h++;hm;inl;inc;ipp;xsd</Extensions>
    </Filter>
    <Filter Include="Kaynak Dosyaları">
      <UniqueIdentifier>{67DA6AB6-F800-4c08-8B7A-83BB121AAD01}</UniqueIdentifier>
      <Extensions>rc;ico;cur;bmp;dlg;rc2;rct;bin;rgs;gif;jpg;jpeg;jpe;resx;tiff;tif;png;wav;mfcribbon-ms</Extensions>
    </Filter>
  </ItemGroup>
  <ItemGroup>
    <ClInclude Include="winnavigator64.h">
      <Filter>Üst Bilgi Dosyaları</Filter>
    </ClInclude>
    <ClInclude Include="framework.h">
      <Filter>Üst Bilgi Dosyaları</Filter>
    </ClInclude>
    <ClInclude Include="targetver.h">
      <Filter>Üst Bilgi Dosyaları</Filter>
    </ClInclude>
    <ClInclude Include="MainFrm.h">
      <Filter>Üst Bilgi Dosyaları</Filter>
    </ClInclude>
    <ClInclude Include="ChildFrm.h">
      <Filter>Üst Bilgi Dosyaları</Filter>
    </ClInclude>
    <ClInclude Include="winnavigator64Doc.h">
      <Filter>Üst Bilgi Dosyaları</Filter>
    </ClInclude>
    <ClInclude Include="winnavigator64View.h">
      <Filter>Üst Bilgi Dosyaları</Filter>
    </ClInclude>
    <ClInclude Include="Resource.h">
      <Filter>Üst Bilgi Dosyaları</Filter>
    </ClInclude>
    <ClInclude Include="calendarbar.h">
      <Filter>Üst Bilgi Dosyaları</Filter>
    </ClInclude>
    <ClInclude Include="pch.h">
      <Filter>Üst Bilgi Dosyaları</Filter>
    </ClInclude>
  </ItemGroup>
  <ItemGroup>
    <ClCompile Include="winnavigator64.cpp">
      <Filter>Kaynak Dosyalar</Filter>
    </ClCompile>
    <ClCompile Include="MainFrm.cpp">
      <Filter>Kaynak Dosyalar</Filter>
    </ClCompile>
    <ClCompile Include="ChildFrm.cpp">
      <Filter>Kaynak Dosyalar</Filter>
    </ClCompile>
    <ClCompile Include="winnavigator64Doc.cpp">
      <Filter>Kaynak Dosyalar</Filter>
    </ClCompile>
    <ClCompile Include="winnavigator64View.cpp">
      <Filter>Kaynak Dosyalar</Filter>
    </ClCompile>
    <ClCompile Include="calendarbar.cpp">
      <Filter>Kaynak Dosyalar</Filter>
    </ClCompile>
    <ClCompile Include="pch.cpp">
      <Filter>Kaynak Dosyalar</Filter>
    </ClCompile>
  </ItemGroup>
  <ItemGroup>
    <ResourceCompile Include="winnavigator64.rc">
      <Filter>Kaynak Dosyaları</Filter>
    </ResourceCompile>
  </ItemGroup>
  <ItemGroup>
    <Image Include="res\nav_large.bmp">
      <Filter>Kaynak Dosyaları</Filter>
    </Image>
    <Image Include="res\nav_large_hc.bmp">
      <Filter>Kaynak Dosyaları</Filter>
    </Image>
    <Image Include="res\pages.bmp">
      <Filter>Kaynak Dosyaları</Filter>
    </Image>
    <Image Include="res\pages_hc.bmp">
      <Filter>Kaynak Dosyaları</Filter>
    </Image>
    <Image Include="res\pages_small.bmp">
      <Filter>Kaynak Dosyaları</Filter>
    </Image>
    <Image Include="res\pages_small_hc.bmp">
      <Filter>Kaynak Dosyaları</Filter>
    </Image>
    <Image Include="res\userimages.bmp">
      <Filter>Kaynak Dosyaları</Filter>
    </Image>
    <Image Include="res\winnavigator64Doc.ico">
      <Filter>Kaynak Dosyaları</Filter>
    </Image>
    <Image Include="res\winnavigator64.ico">
      <Filter>Kaynak Dosyaları</Filter>
    </Image>
    <Image Include="res\Toolbar.bmp">
      <Filter>Kaynak Dosyaları</Filter>
    </Image>
    <Image Include="res\Toolbar256.bmp">
      <Filter>Kaynak Dosyaları</Filter>
    </Image>
  </ItemGroup>
  <ItemGroup>
    <None Include="res\winnavigator64.rc2">
      <Filter>Kaynak Dosyaları</Filter>
    </None>
  </ItemGroup>
</Project>